
Microsoft Visual Studio Solution File, Format Version 12.00
# Visual Studio 15
VisualStudioVersion = 15.0.28307.779
MinimumVisualStudioVersion = 10.0.40219.1
Project("{FAE04EC0-301F-11D3-BF4B-00C04F79EFBC}") = "test-ssrs", "test-ssrs\test-ssrs.csproj", "{2B7DDEC2-8CB9-4331-8E68-3F8E203C6FFD}"
EndProject
Global
	GlobalSection(SolutionConfigurationPlatforms) = preSolution
		Debug|Any CPU = Debug|Any CPU
		Release|Any CPU = Release|Any CPU
	EndGlobalSection
	GlobalSection(ProjectConfigurationPlatforms) = postSolution
		{2B7DDEC2-8CB9-4331-8E68-3F8E203C6FFD}.Debug|Any CPU.ActiveCfg = Debug|Any CPU
		{2B7DDEC2-8CB9-4331-8E68-3F8E203C6FFD}.Debug|Any CPU.Build.0 = Debug|Any CPU
		{2B7DDEC2-8CB9-4331-8E68-3F8E203C6FFD}.Release|Any CPU.ActiveCfg = Release|Any CPU
		{2B7DDEC2-8CB9-4331-8E68-3F8E203C6FFD}.Release|Any CPU.Build.0 = Release|Any CPU
	EndGlobalSection
	GlobalSection(SolutionProperties) = preSolution
		HideSolutionNode = FALSE
	EndGlobalSection
	GlobalSection(ExtensibilityGlobals) = postSolution
		SolutionGuid = {E1A2C24E-065F-403D-BAEA-60E87C3375BC}
	EndGlobalSection
EndGlobal
